// !$*UTF8*$!
{
	archiveVersion = 1;
	classes = {
	};
	objectVersion = 56;
	objects = {

/* Begin PBXBuildFile section */
		7F8CAC162B2591A100D22364 /* StepTableViewCell.swift in Sources */ = {isa = PBXBuildFile; fileRef = 7F8CAC142B2591A100D22364 /* StepTableViewCell.swift */; };
		7F8CAC172B2591A100D22364 /* StepTableViewCell.xib in Resources */ = {isa = PBXBuildFile; fileRef = 7F8CAC152B2591A100D22364 /* StepTableViewCell.xib */; };
		7F8CAC1A2B2591F900D22364 /* StepCollectionViewCell.swift in Sources */ = {isa = PBXBuildFile; fileRef = 7F8CAC182B2591F900D22364 /* StepCollectionViewCell.swift */; };
		7F8CAC1B2B2591F900D22364 /* StepCollectionViewCell.xib in Resources */ = {isa = PBXBuildFile; fileRef = 7F8CAC192B2591F900D22364 /* StepCollectionViewCell.xib */; };
		7F8CAC222B259FE600D22364 /* JobsTableViewCell.swift in Sources */ = {isa = PBXBuildFile; fileRef = 7F8CAC202B259FE600D22364 /* JobsTableViewCell.swift */; };
		7F8CAC232B259FE600D22364 /* JobsTableViewCell.xib in Resources */ = {isa = PBXBuildFile; fileRef = 7F8CAC212B259FE600D22364 /* JobsTableViewCell.xib */; };
		7F8CAC262B25A27100D22364 /* JobTableViewCell.swift in Sources */ = {isa = PBXBuildFile; fileRef = 7F8CAC242B25A27100D22364 /* JobTableViewCell.swift */; };
		7F8CAC272B25A27100D22364 /* JobTableViewCell.xib in Resources */ = {isa = PBXBuildFile; fileRef = 7F8CAC252B25A27100D22364 /* JobTableViewCell.xib */; };
		7FB238F12B2459BE00EE024A /* MyCollectionViewCell.swift in Sources */ = {isa = PBXBuildFile; fileRef = 7FB238F02B2459BE00EE024A /* MyCollectionViewCell.swift */; };
		7FB238F32B24953400EE024A /* OtpViewController.swift in Sources */ = {isa = PBXBuildFile; fileRef = 7FB238F22B24953400EE024A /* OtpViewController.swift */; };
		7FB238F52B24C40600EE024A /* PopupViewController.swift in Sources */ = {isa = PBXBuildFile; fileRef = 7FB238F42B24C40600EE024A /* PopupViewController.swift */; };
		7FB238F72B24E21900EE024A /* LogInViewModel.swift in Sources */ = {isa = PBXBuildFile; fileRef = 7FB238F62B24E21900EE024A /* LogInViewModel.swift */; };
		7FB238F92B24F13400EE024A /* OtpViewModel.swift in Sources */ = {isa = PBXBuildFile; fileRef = 7FB238F82B24F13400EE024A /* OtpViewModel.swift */; };
		7FB238FB2B24FFA300EE024A /* HomeViewController.swift in Sources */ = {isa = PBXBuildFile; fileRef = 7FB238FA2B24FFA300EE024A /* HomeViewController.swift */; };
		7FCE89B62B23385600763578 /* AppDelegate.swift in Sources */ = {isa = PBXBuildFile; fileRef = 7FCE89B52B23385600763578 /* AppDelegate.swift */; };
		7FCE89B82B23385600763578 /* SceneDelegate.swift in Sources */ = {isa = PBXBuildFile; fileRef = 7FCE89B72B23385600763578 /* SceneDelegate.swift */; };
		7FCE89BA2B23385600763578 /* ViewController.swift in Sources */ = {isa = PBXBuildFile; fileRef = 7FCE89B92B23385600763578 /* ViewController.swift */; };
		7FCE89BD2B23385600763578 /* Main.storyboard in Resources */ = {isa = PBXBuildFile; fileRef = 7FCE89BB2B23385600763578 /* Main.storyboard */; };
		7FCE89BF2B23385800763578 /* Assets.xcassets in Resources */ = {isa = PBXBuildFile; fileRef = 7FCE89BE2B23385800763578 /* Assets.xcassets */; };
		7FCE89C22B23385800763578 /* LaunchScreen.storyboard in Resources */ = {isa = PBXBuildFile; fileRef = 7FCE89C02B23385800763578 /* LaunchScreen.storyboard */; };
		FC5713F27AE97ED15B0BBEA2 /* Pods_GoodSpace.framework in Frameworks */ = {isa = PBXBuildFile; fileRef = C58807C6CD81E85AADFA9FF7 /* Pods_GoodSpace.framework */; };
/* End PBXBuildFile section */

/* Begin PBXFileReference section */
		34CEB5F8F7FA3CD96A4C4AE7 /* Pods-GoodSpace.release.xcconfig */ = {isa = PBXFileReference; includeInIndex = 1; lastKnownFileType = text.xcconfig; name = "Pods-GoodSpace.release.xcconfig"; path = "Target Support Files/Pods-GoodSpace/Pods-GoodSpace.release.xcconfig"; sourceTree = "<group>"; };
		7F8CAC142B2591A100D22364 /* StepTableViewCell.swift */ = {isa = PBXFileReference; lastKnownFileType = sourcecode.swift; path = StepTableViewCell.swift; sourceTree = "<group>"; };
		7F8CAC152B2591A100D22364 /* StepTableViewCell.xib */ = {isa = PBXFileReference; lastKnownFileType = file.xib; path = StepTableViewCell.xib; sourceTree = "<group>"; };
		7F8CAC182B2591F900D22364 /* StepCollectionViewCell.swift */ = {isa = PBXFileReference; lastKnownFileType = sourcecode.swift; path = StepCollectionViewCell.swift; sourceTree = "<group>"; };
		7F8CAC192B2591F900D22364 /* StepCollectionViewCell.xib */ = {isa = PBXFileReference; lastKnownFileType = file.xib; path = StepCollectionViewCell.xib; sourceTree = "<group>"; };
		7F8CAC202B259FE600D22364 /* JobsTableViewCell.swift */ = {isa = PBXFileReference; lastKnownFileType = sourcecode.swift; path = JobsTableViewCell.swift; sourceTree = "<group>"; };
		7F8CAC212B259FE600D22364 /* JobsTableViewCell.xib */ = {isa = PBXFileReference; lastKnownFileType = file.xib; path = JobsTableViewCell.xib; sourceTree = "<group>"; };
		7F8CAC242B25A27100D22364 /* JobTableViewCell.swift */ = {isa = PBXFileReference; lastKnownFileType = sourcecode.swift; path = JobTableViewCell.swift; sourceTree = "<group>"; };
		7F8CAC252B25A27100D22364 /* JobTableViewCell.xib */ = {isa = PBXFileReference; lastKnownFileType = file.xib; path = JobTableViewCell.xib; sourceTree = "<group>"; };
		7FB238F02B2459BE00EE024A /* MyCollectionViewCell.swift */ = {isa = PBXFileReference; lastKnownFileType = sourcecode.swift; path = MyCollectionViewCell.swift; sourceTree = "<group>"; };
		7FB238F22B24953400EE024A /* OtpViewController.swift */ = {isa = PBXFileReference; lastKnownFileType = sourcecode.swift; path = OtpViewController.swift; sourceTree = "<group>"; };
		7FB238F42B24C40600EE024A /* PopupViewController.swift */ = {isa = PBXFileReference; lastKnownFileType = sourcecode.swift; path = PopupViewController.swift; sourceTree = "<group>"; };
		7FB238F62B24E21900EE024A /* LogInViewModel.swift */ = {isa = PBXFileReference; lastKnownFileType = sourcecode.swift; path = LogInViewModel.swift; sourceTree = "<group>"; };
		7FB238F82B24F13400EE024A /* OtpViewModel.swift */ = {isa = PBXFileReference; lastKnownFileType = sourcecode.swift; path = OtpViewModel.swift; sourceTree = "<group>"; };
		7FB238FA2B24FFA300EE024A /* HomeViewController.swift */ = {isa = PBXFileReference; lastKnownFileType = sourcecode.swift; path = HomeViewController.swift; sourceTree = "<group>"; };
		7FCE89B22B23385600763578 /* GoodSpace.app */ = {isa = PBXFileReference; explicitFileType = wrapper.application; includeInIndex = 0; path = GoodSpace.app; sourceTree = BUILT_PRODUCTS_DIR; };
		7FCE89B52B23385600763578 /* AppDelegate.swift */ = {isa = PBXFileReference; lastKnownFileType = sourcecode.swift; path = AppDelegate.swift; sourceTree = "<group>"; };
		7FCE89B72B23385600763578 /* SceneDelegate.swift */ = {isa = PBXFileReference; lastKnownFileType = sourcecode.swift; path = SceneDelegate.swift; sourceTree = "<group>"; };
		7FCE89B92B23385600763578 /* ViewController.swift */ = {isa = PBXFileReference; lastKnownFileType = sourcecode.swift; path = ViewController.swift; sourceTree = "<group>"; };
		7FCE89BC2B23385600763578 /* Base */ = {isa = PBXFileReference; lastKnownFileType = file.storyboard; name = Base; path = Base.lproj/Main.storyboard; sourceTree = "<group>"; };
		7FCE89BE2B23385800763578 /* Assets.xcassets */ = {isa = PBXFileReference; lastKnownFileType = folder.assetcatalog; path = Assets.xcassets; sourceTree = "<group>"; };
		7FCE89C12B23385800763578 /* Base */ = {isa = PBXFileReference; lastKnownFileType = file.storyboard; name = Base; path = Base.lproj/LaunchScreen.storyboard; sourceTree = "<group>"; };
		7FCE89C32B23385800763578 /* Info.plist */ = {isa = PBXFileReference; lastKnownFileType = text.plist.xml; path = Info.plist; sourceTree = "<group>"; };
		C58807C6CD81E85AADFA9FF7 /* Pods_GoodSpace.framework */ = {isa = PBXFileReference; explicitFileType = wrapper.framework; includeInIndex = 0; path = Pods_GoodSpace.framework; sourceTree = BUILT_PRODUCTS_DIR; };
		EDBA7B9AD004E3F50540C188 /* Pods-GoodSpace.debug.xcconfig */ = {isa = PBXFileReference; includeInIndex = 1; lastKnownFileType = text.xcconfig; name = "Pods-GoodSpace.debug.xcconfig"; path = "Target Support Files/Pods-GoodSpace/Pods-GoodSpace.debug.xcconfig"; sourceTree = "<group>"; };
/* End PBXFileReference section */

/* Begin PBXFrameworksBuildPhase section */
		7FCE89AF2B23385500763578 /* Frameworks */ = {
			isa = PBXFrameworksBuildPhase;
			buildActionMask = 2147483647;
			files = (
				FC5713F27AE97ED15B0BBEA2 /* Pods_GoodSpace.framework in Frameworks */,
			);
			runOnlyForDeploymentPostprocessing = 0;
		};
/* End PBXFrameworksBuildPhase section */

/* Begin PBXGroup section */
		30A5708F7353D695F88C5889 /* Frameworks */ = {
			isa = PBXGroup;
			children = (
				C58807C6CD81E85AADFA9FF7 /* Pods_GoodSpace.framework */,
			);
			name = Frameworks;
			sourceTree = "<group>";
		};
		78E8196944E8D38274C19F5F /* Pods */ = {
			isa = PBXGroup;
			children = (
				EDBA7B9AD004E3F50540C188 /* Pods-GoodSpace.debug.xcconfig */,
				34CEB5F8F7FA3CD96A4C4AE7 /* Pods-GoodSpace.release.xcconfig */,
			);
			path = Pods;
			sourceTree = "<group>";
		};
		7FCE89A92B23385500763578 = {
			isa = PBXGroup;
			children = (
				7FCE89B42B23385600763578 /* GoodSpace */,
				7FCE89B32B23385600763578 /* Products */,
				78E8196944E8D38274C19F5F /* Pods */,
				30A5708F7353D695F88C5889 /* Frameworks */,
			);
			sourceTree = "<group>";
		};
		7FCE89B32B23385600763578 /* Products */ = {
			isa = PBXGroup;
			children = (
				7FCE89B22B23385600763578 /* GoodSpace.app */,
			);
			name = Products;
			sourceTree = "<group>";
		};
		7FCE89B42B23385600763578 /* GoodSpace */ = {
			isa = PBXGroup;
			children = (
				7FCE89B52B23385600763578 /* AppDelegate.swift */,
				7FCE89B72B23385600763578 /* SceneDelegate.swift */,
				7FCE89B92B23385600763578 /* ViewController.swift */,
				7FB238F02B2459BE00EE024A /* MyCollectionViewCell.swift */,
				7FB238F22B24953400EE024A /* OtpViewController.swift */,
				7FB238F42B24C40600EE024A /* PopupViewController.swift */,
				7FB238F62B24E21900EE024A /* LogInViewModel.swift */,
				7FB238FA2B24FFA300EE024A /* HomeViewController.swift */,
				7F8CAC142B2591A100D22364 /* StepTableViewCell.swift */,
				7F8CAC152B2591A100D22364 /* StepTableViewCell.xib */,
				7F8CAC182B2591F900D22364 /* StepCollectionViewCell.swift */,
				7F8CAC192B2591F900D22364 /* StepCollectionViewCell.xib */,
				7FB238F82B24F13400EE024A /* OtpViewModel.swift */,
				7F8CAC202B259FE600D22364 /* JobsTableViewCell.swift */,
				7F8CAC212B259FE600D22364 /* JobsTableViewCell.xib */,
				7F8CAC242B25A27100D22364 /* JobTableViewCell.swift */,
				7F8CAC252B25A27100D22364 /* JobTableViewCell.xib */,
				7FCE89BB2B23385600763578 /* Main.storyboard */,
				7FCE89BE2B23385800763578 /* Assets.xcassets */,
				7FCE89C02B23385800763578 /* LaunchScreen.storyboard */,
				7FCE89C32B23385800763578 /* Info.plist */,
			);
			path = GoodSpace;
			sourceTree = "<group>";
		};
/* End PBXGroup section */

/* Begin PBXNativeTarget section */
		7FCE89B12B23385500763578 /* GoodSpace */ = {
			isa = PBXNativeTarget;
			buildConfigurationList = 7FCE89C62B23385800763578 /* Build configuration list for PBXNativeTarget "GoodSpace" */;
			buildPhases = (
				E7E0D9B8D01C608FB000B855 /* [CP] Check Pods Manifest.lock */,
				7FCE89AE2B23385500763578 /* Sources */,
				7FCE89AF2B23385500763578 /* Frameworks */,
				7FCE89B02B23385500763578 /* Resources */,
				82C0798DBCE0D9FC9F81D2FF /* [CP] Embed Pods Frameworks */,
			);
			buildRules = (
			);
			dependencies = (
			);
			name = GoodSpace;
			productName = GoodSpace;
			productReference = 7FCE89B22B23385600763578 /* GoodSpace.app */;
			productType = "com.apple.product-type.application";
		};
/* End PBXNativeTarget section */

/* Begin PBXProject section */
		7FCE89AA2B23385500763578 /* Project object */ = {
			isa = PBXProject;
			attributes = {
				BuildIndependentTargetsInParallel = 1;
				LastSwiftUpdateCheck = 1400;
				LastUpgradeCheck = 1400;
				TargetAttributes = {
					7FCE89B12B23385500763578 = {
						CreatedOnToolsVersion = 14.0.1;
					};
				};
			};
			buildConfigurationList = 7FCE89AD2B23385500763578 /* Build configuration list for PBXProject "GoodSpace" */;
			compatibilityVersion = "Xcode 14.0";
			developmentRegion = en;
			hasScannedForEncodings = 0;
			knownRegions = (
				en,
				Base,
			);
			mainGroup = 7FCE89A92B23385500763578;
			productRefGroup = 7FCE89B32B23385600763578 /* Products */;
			projectDirPath = "";
			projectRoot = "";
			targets = (
				7FCE89B12B23385500763578 /* GoodSpace */,
			);
		};
/* End PBXProject section */

/* Begin PBXResourcesBuildPhase section */
		7FCE89B02B23385500763578 /* Resources */ = {
			isa = PBXResourcesBuildPhase;
			buildActionMask = 2147483647;
			files = (
				7FCE89C22B23385800763578 /* LaunchScreen.storyboard in Resources */,
				7F8CAC272B25A27100D22364 /* JobTableViewCell.xib in Resources */,
				7F8CAC232B259FE600D22364 /* JobsTableViewCell.xib in Resources */,
				7F8CAC1B2B2591F900D22364 /* StepCollectionViewCell.xib in Resources */,
				7F8CAC172B2591A100D22364 /* StepTableViewCell.xib in Resources */,
				7FCE89BF2B23385800763578 /* Assets.xcassets in Resources */,
				7FCE89BD2B23385600763578 /* Main.storyboard in Resources */,
			);
			runOnlyForDeploymentPostprocessing = 0;
		};
/* End PBXResourcesBuildPhase section */

/* Begin PBXShellScriptBuildPhase section */
		82C0798DBCE0D9FC9F81D2FF /* [CP] Embed Pods Frameworks */ = {
			isa = PBXShellScriptBuildPhase;
			buildActionMask = 2147483647;
			files = (
			);
			inputFileListPaths = (
				"${PODS_ROOT}/Target Support Files/Pods-GoodSpace/Pods-GoodSpace-frameworks-${CONFIGURATION}-input-files.xcfilelist",
			);
			name = "[CP] Embed Pods Frameworks";
			outputFileListPaths = (
				"${PODS_ROOT}/Target Support Files/Pods-GoodSpace/Pods-GoodSpace-frameworks-${CONFIGURATION}-output-files.xcfilelist",
			);
			runOnlyForDeploymentPostprocessing = 0;
			shellPath = /bin/sh;
			shellScript = "\"${PODS_ROOT}/Target Support Files/Pods-GoodSpace/Pods-GoodSpace-frameworks.sh\"\n";
			showEnvVarsInLog = 0;
		};
		E7E0D9B8D01C608FB000B855 /* [CP] Check Pods Manifest.lock */ = {
			isa = PBXShellScriptBuildPhase;
			buildActionMask = 2147483647;
			files = (
			);
			inputFileListPaths = (
			);
			inputPaths = (
				"${PODS_PODFILE_DIR_PATH}/Podfile.lock",
				"${PODS_ROOT}/Manifest.lock",
			);
			name = "[CP] Check Pods Manifest.lock";
			outputFileListPaths = (
			);
			outputPaths = (
				"$(DERIVED_FILE_DIR)/Pods-GoodSpace-checkManifestLockResult.txt",
			);
			runOnlyForDeploymentPostprocessing = 0;
			shellPath = /bin/sh;
			shellScript = "diff \"${PODS_PODFILE_DIR_PATH}/Podfile.lock\" \"${PODS_ROOT}/Manifest.lock\" > /dev/null\nif [ $? != 0 ] ; then\n    # print error to STDERR\n    echo \"error: The sandbox is not in sync with the Podfile.lock. Run 'pod install' or update your CocoaPods installation.\" >&2\n    exit 1\nfi\n# This output is used by Xcode 'outputs' to avoid re-running this script phase.\necho \"SUCCESS\" > \"${SCRIPT_OUTPUT_FILE_0}\"\n";
			showEnvVarsInLog = 0;
		};
/* End PBXShellScriptBuildPhase section */

/* Begin PBXSourcesBuildPhase section */
		7FCE89AE2B23385500763578 /* Sources */ = {
			isa = PBXSourcesBuildPhase;
			buildActionMask = 2147483647;
			files = (
				7FB238F72B24E21900EE024A /* LogInViewModel.swift in Sources */,
				7FB238F32B24953400EE024A /* OtpViewController.swift in Sources */,
				7FCE89BA2B23385600763578 /* ViewController.swift in Sources */,
				7F8CAC222B259FE600D22364 /* JobsTableViewCell.swift in Sources */,
				7F8CAC162B2591A100D22364 /* StepTableViewCell.swift in Sources */,
				7FCE89B62B23385600763578 /* AppDelegate.swift in Sources */,
				7FB238F92B24F13400EE024A /* OtpViewModel.swift in Sources */,
				7F8CAC262B25A27100D22364 /* JobTableViewCell.swift in Sources */,
				7FB238FB2B24FFA300EE024A /* HomeViewController.swift in Sources */,
				7FB238F12B2459BE00EE024A /* MyCollectionViewCell.swift in Sources */,
				7F8CAC1A2B2591F900D22364 /* StepCollectionViewCell.swift in Sources */,
				7FCE89B82B23385600763578 /* SceneDelegate.swift in Sources */,
				7FB238F52B24C40600EE024A /* PopupViewController.swift in Sources */,
			);
			runOnlyForDeploymentPostprocessing = 0;
		};
/* End PBXSourcesBuildPhase section */

/* Begin PBXVariantGroup section */
		7FCE89BB2B23385600763578 /* Main.storyboard */ = {
			isa = PBXVariantGroup;
			children = (
				7FCE89BC2B23385600763578 /* Base */,
			);
			name = Main.storyboard;
			sourceTree = "<group>";
		};
		7FCE89C02B23385800763578 /* LaunchScreen.storyboard */ = {
			isa = PBXVariantGroup;
			children = (
				7FCE89C12B23385800763578 /* Base */,
			);
			name = LaunchScreen.storyboard;
			sourceTree = "<group>";
		};
/* End PBXVariantGroup section */

/* Begin XCBuildConfiguration section */
		7FCE89C42B23385800763578 /* Debug */ = {
			isa = XCBuildConfiguration;
			buildSettings = {
				ALWAYS_SEARCH_USER_PATHS = NO;
				CLANG_ANALYZER_NONNULL = YES;
				CLANG_ANALYZER_NUMBER_OBJECT_CONVERSION = YES_AGGRESSIVE;
				CLANG_CXX_LANGUAGE_STANDARD = "gnu++20";
				CLANG_ENABLE_MODULES = YES;
				CLANG_ENABLE_OBJC_ARC = YES;
				CLANG_ENABLE_OBJC_WEAK = YES;
				CLANG_WARN_BLOCK_CAPTURE_AUTORELEASING = YES;
				CLANG_WARN_BOOL_CONVERSION = YES;
				CLANG_WARN_COMMA = YES;
				CLANG_WARN_CONSTANT_CONVERSION = YES;
				CLANG_WARN_DEPRECATED_OBJC_IMPLEMENTATIONS = YES;
				CLANG_WARN_DIRECT_OBJC_ISA_USAGE = YES_ERROR;
				CLANG_WARN_DOCUMENTATION_COMMENTS = YES;
				CLANG_WARN_EMPTY_BODY = YES;
				CLANG_WARN_ENUM_CONVERSION = YES;
				CLANG_WARN_INFINITE_RECURSION = YES;
				CLANG_WARN_INT_CONVERSION = YES;
				CLANG_WARN_NON_LITERAL_NULL_CONVERSION = YES;
				CLANG_WARN_OBJC_IMPLICIT_RETAIN_SELF = YES;
				CLANG_WARN_OBJC_LITERAL_CONVERSION = YES;
				CLANG_WARN_OBJC_ROOT_CLASS = YES_ERROR;
				CLANG_WARN_QUOTED_INCLUDE_IN_FRAMEWORK_HEADER = YES;
				CLANG_WARN_RANGE_LOOP_ANALYSIS = YES;
				CLANG_WARN_STRICT_PROTOTYPES = YES;
				CLANG_WARN_SUSPICIOUS_MOVE = YES;
				CLANG_WARN_UNGUARDED_AVAILABILITY = YES_AGGRESSIVE;
				CLANG_WARN_UNREACHABLE_CODE = YES;
				CLANG_WARN__DUPLICATE_METHOD_MATCH = YES;
				COPY_PHASE_STRIP = NO;
				DEBUG_INFORMATION_FORMAT = dwarf;
				ENABLE_STRICT_OBJC_MSGSEND = YES;
				ENABLE_TESTABILITY = YES;
				GCC_C_LANGUAGE_STANDARD = gnu11;
				GCC_DYNAMIC_NO_PIC = NO;
				GCC_NO_COMMON_BLOCKS = YES;
				GCC_OPTIMIZATION_LEVEL = 0;
				GCC_PREPROCESSOR_DEFINITIONS = (
					"DEBUG=1",
					"$(inherited)",
				);
				GCC_WARN_64_TO_32_BIT_CONVERSION = YES;
				GCC_WARN_ABOUT_RETURN_TYPE = YES_ERROR;
				GCC_WARN_UNDECLARED_SELECTOR = YES;
				GCC_WARN_UNINITIALIZED_AUTOS = YES_AGGRESSIVE;
				GCC_WARN_UNUSED_FUNCTION = YES;
				GCC_WARN_UNUSED_VARIABLE = YES;
				IPHONEOS_DEPLOYMENT_TARGET = 16.0;
				MTL_ENABLE_DEBUG_INFO = INCLUDE_SOURCE;
				MTL_FAST_MATH = YES;
				ONLY_ACTIVE_ARCH = YES;
				SDKROOT = iphoneos;
				SWIFT_ACTIVE_COMPILATION_CONDITIONS = DEBUG;
				SWIFT_OPTIMIZATION_LEVEL = "-Onone";
			};
			name = Debug;
		};
		7FCE89C52B23385800763578 /* Release */ = {
			isa = XCBuildConfiguration;
			buildSettings = {
				ALWAYS_SEARCH_USER_PATHS = NO;
				CLANG_ANALYZER_NONNULL = YES;
				CLANG_ANALYZER_NUMBER_OBJECT_CONVERSION = YES_AGGRESSIVE;
				CLANG_CXX_LANGUAGE_STANDARD = "gnu++20";
				CLANG_ENABLE_MODULES = YES;
				CLANG_ENABLE_OBJC_ARC = YES;
				CLANG_ENABLE_OBJC_WEAK = YES;
				CLANG_WARN_BLOCK_CAPTURE_AUTORELEASING = YES;
				CLANG_WARN_BOOL_CONVERSION = YES;
				CLANG_WARN_COMMA = YES;
				CLANG_WARN_CONSTANT_CONVERSION = YES;
				CLANG_WARN_DEPRECATED_OBJC_IMPLEMENTATIONS = YES;
				CLANG_WARN_DIRECT_OBJC_ISA_USAGE = YES_ERROR;
				CLANG_WARN_DOCUMENTATION_COMMENTS = YES;
				CLANG_WARN_EMPTY_BODY = YES;
				CLANG_WARN_ENUM_CONVERSION = YES;
				CLANG_WARN_INFINITE_RECURSION = YES;
				CLANG_WARN_INT_CONVERSION = YES;
				CLANG_WARN_NON_LITERAL_NULL_CONVERSION = YES;
				CLANG_WARN_OBJC_IMPLICIT_RETAIN_SELF = YES;
				CLANG_WARN_OBJC_LITERAL_CONVERSION = YES;
				CLANG_WARN_OBJC_ROOT_CLASS = YES_ERROR;
				CLANG_WARN_QUOTED_INCLUDE_IN_FRAMEWORK_HEADER = YES;
				CLANG_WARN_RANGE_LOOP_ANALYSIS = YES;
				CLANG_WARN_STRICT_PROTOTYPES = YES;
				CLANG_WARN_SUSPICIOUS_MOVE = YES;
				CLANG_WARN_UNGUARDED_AVAILABILITY = YES_AGGRESSIVE;
				CLANG_WARN_UNREACHABLE_CODE = YES;
				CLANG_WARN__DUPLICATE_METHOD_MATCH = YES;
				COPY_PHASE_STRIP = NO;
				DEBUG_INFORMATION_FORMAT = "dwarf-with-dsym";
				ENABLE_NS_ASSERTIONS = NO;
				ENABLE_STRICT_OBJC_MSGSEND = YES;
				GCC_C_LANGUAGE_STANDARD = gnu11;
				GCC_NO_COMMON_BLOCKS = YES;
				GCC_WARN_64_TO_32_BIT_CONVERSION = YES;
				GCC_WARN_ABOUT_RETURN_TYPE = YES_ERROR;
				GCC_WARN_UNDECLARED_SELECTOR = YES;
				GCC_WARN_UNINITIALIZED_AUTOS = YES_AGGRESSIVE;
				GCC_WARN_UNUSED_FUNCTION = YES;
				GCC_WARN_UNUSED_VARIABLE = YES;
				IPHONEOS_DEPLOYMENT_TARGET = 16.0;
				MTL_ENABLE_DEBUG_INFO = NO;
				MTL_FAST_MATH = YES;
				SDKROOT = iphoneos;
				SWIFT_COMPILATION_MODE = wholemodule;
				SWIFT_OPTIMIZATION_LEVEL = "-O";
				VALIDATE_PRODUCT = YES;
			};
			name = Release;
		};
		7FCE89C72B23385800763578 /* Debug */ = {
			isa = XCBuildConfiguration;
			baseConfigurationReference = EDBA7B9AD004E3F50540C188 /* Pods-GoodSpace.debug.xcconfig */;
			buildSettings = {
				ASSETCATALOG_COMPILER_APPICON_NAME = AppIcon;
				ASSETCATALOG_COMPILER_GLOBAL_ACCENT_COLOR_NAME = AccentColor;
				CODE_SIGN_STYLE = Automatic;
				CURRENT_PROJECT_VERSION = 1;
				DEVELOPMENT_TEAM = J7Q9Y7P546;
				GENERATE_INFOPLIST_FILE = YES;
				INFOPLIST_FILE = GoodSpace/Info.plist;
				INFOPLIST_KEY_UIApplicationSupportsIndirectInputEvents = YES;
				INFOPLIST_KEY_UILaunchStoryboardName = LaunchScreen;
				INFOPLIST_KEY_UIMainStoryboardFile = Main;
				INFOPLIST_KEY_UISupportedInterfaceOrientations = "UIInterfaceOrientationLandscapeLeft UIInterfaceOrientationLandscapeRight UIInterfaceOrientationPortrait";
				INFOPLIST_KEY_UISupportedInterfaceOrientations_iPad = "UIInterfaceOrientationLandscapeLeft UIInterfaceOrientationLandscapeRight UIInterfaceOrientationPortrait UIInterfaceOrientationPortraitUpsideDown";
				LD_RUNPATH_SEARCH_PATHS = (
					"$(inherited)",
					"@executable_path/Frameworks",
				);
				MARKETING_VERSION = 1.0;
				PRODUCT_BUNDLE_IDENTIFIER = sarfaraz.GoodSpace;
				PRODUCT_NAME = "$(TARGET_NAME)";
				SWIFT_EMIT_LOC_STRINGS = YES;
				SWIFT_VERSION = 5.0;
				TARGETED_DEVICE_FAMILY = "1,2";
			};
			name = Debug;
		};
		7FCE89C82B23385800763578 /* Release */ = {
			isa = XCBuildConfiguration;
			baseConfigurationReference = 34CEB5F8F7FA3CD96A4C4AE7 /* Pods-GoodSpace.release.xcconfig */;
			buildSettings = {
				ASSETCATALOG_COMPILER_APPICON_NAME = AppIcon;
				ASSETCATALOG_COMPILER_GLOBAL_ACCENT_COLOR_NAME = AccentColor;
				CODE_SIGN_STYLE = Automatic;
				CURRENT_PROJECT_VERSION = 1;
				DEVELOPMENT_TEAM = J7Q9Y7P546;
				GENERATE_INFOPLIST_FILE = YES;
				INFOPLIST_FILE = GoodSpace/Info.plist;
				INFOPLIST_KEY_UIApplicationSupportsIndirectInputEvents = YES;
				INFOPLIST_KEY_UILaunchStoryboardName = LaunchScreen;
				INFOPLIST_KEY_UIMainStoryboardFile = Main;
				INFOPLIST_KEY_UISupportedInterfaceOrientations = "UIInterfaceOrientationLandscapeLeft UIInterfaceOrientationLandscapeRight UIInterfaceOrientationPortrait";
				INFOPLIST_KEY_UISupportedInterfaceOrientations_iPad = "UIInterfaceOrientationLandscapeLeft UIInterfaceOrientationLandscapeRight UIInterfaceOrientationPortrait UIInterfaceOrientationPortraitUpsideDown";
				LD_RUNPATH_SEARCH_PATHS = (
					"$(inherited)",
					"@executable_path/Frameworks",
				);
				MARKETING_VERSION = 1.0;
				PRODUCT_BUNDLE_IDENTIFIER = sarfaraz.GoodSpace;
				PRODUCT_NAME = "$(TARGET_NAME)";
				SWIFT_EMIT_LOC_STRINGS = YES;
				SWIFT_VERSION = 5.0;
				TARGETED_DEVICE_FAMILY = "1,2";
			};
			name = Release;
		};
/* End XCBuildConfiguration section */

/* Begin XCConfigurationList section */
		7FCE89AD2B23385500763578 /* Build configuration list for PBXProject "GoodSpace" */ = {
			isa = XCConfigurationList;
			buildConfigurations = (
				7FCE89C42B23385800763578 /* Debug */,
				7FCE89C52B23385800763578 /* Release */,
			);
			defaultConfigurationIsVisible = 0;
			defaultConfigurationName = Release;
		};
		7FCE89C62B23385800763578 /* Build configuration list for PBXNativeTarget "GoodSpace" */ = {
			isa = XCConfigurationList;
			buildConfigurations = (
				7FCE89C72B23385800763578 /* Debug */,
				7FCE89C82B23385800763578 /* Release */,
			);
			defaultConfigurationIsVisible = 0;
			defaultConfigurationName = Release;
		};
/* End XCConfigurationList section */
	};
	rootObject = 7FCE89AA2B23385500763578 /* Project object */;
}
